
Microsoft Visual Studio Solution File, Format Version 12.00
# Visual Studio 15
VisualStudioVersion = 15.0.27130.2036
MinimumVisualStudioVersion = 10.0.40219.1
Project("{FAE04EC0-301F-11D3-BF4B-00C04F79EFBC}") = "ContactManager.UI", "Contact Manager.UI\ContactManager.UI.csproj", "{F7D656F8-8213-4612-90A0-13764AD42D8D}"
EndProject
Project("{FAE04EC0-301F-11D3-BF4B-00C04F79EFBC}") = "ContactManager", "Contact.Manager\ContactManager.csproj", "{95CD51AD-DA04-4848-92FD-ECA8F3F68103}"
EndProject
Project("{FAE04EC0-301F-11D3-BF4B-00C04F79EFBC}") = "ContactManager.Memory", "ContactMemoryManager\ContactManager.Memory.csproj", "{78FBF0C3-777F-436D-8641-E3F7E5652688}"
EndProject
Global
	GlobalSection(SolutionConfigurationPlatforms) = preSolution
		Debug|Any CPU = Debug|Any CPU
		Release|Any CPU = Release|Any CPU
	EndGlobalSection
	GlobalSection(ProjectConfigurationPlatforms) = postSolution
		{F7D656F8-8213-4612-90A0-13764AD42D8D}.Debug|Any CPU.ActiveCfg = Debug|Any CPU
		{F7D656F8-8213-4612-90A0-13764AD42D8D}.Debug|Any CPU.Build.0 = Debug|Any CPU
		{F7D656F8-8213-4612-90A0-13764AD42D8D}.Release|Any CPU.ActiveCfg = Release|Any CPU
		{F7D656F8-8213-4612-90A0-13764AD42D8D}.Release|Any CPU.Build.0 = Release|Any CPU
		{95CD51AD-DA04-4848-92FD-ECA8F3F68103}.Debug|Any CPU.ActiveCfg = Debug|Any CPU
		{95CD51AD-DA04-4848-92FD-ECA8F3F68103}.Debug|Any CPU.Build.0 = Debug|Any CPU
		{95CD51AD-DA04-4848-92FD-ECA8F3F68103}.Release|Any CPU.ActiveCfg = Release|Any CPU
		{95CD51AD-DA04-4848-92FD-ECA8F3F68103}.Release|Any CPU.Build.0 = Release|Any CPU
		{78FBF0C3-777F-436D-8641-E3F7E5652688}.Debug|Any CPU.ActiveCfg = Debug|Any CPU
		{78FBF0C3-777F-436D-8641-E3F7E5652688}.Debug|Any CPU.Build.0 = Debug|Any CPU
		{78FBF0C3-777F-436D-8641-E3F7E5652688}.Release|Any CPU.ActiveCfg = Release|Any CPU
		{78FBF0C3-777F-436D-8641-E3F7E5652688}.Release|Any CPU.Build.0 = Release|Any CPU
	EndGlobalSection
	GlobalSection(SolutionProperties) = preSolution
		HideSolutionNode = FALSE
	EndGlobalSection
	GlobalSection(ExtensibilityGlobals) = postSolution
		SolutionGuid = {D98FA4B0-6E67-4A27-8D0C-78F5202B8637}
	EndGlobalSection
EndGlobal
